// !$*UTF8*$!
{
	archiveVersion = 1;
	classes = {
	};
	objectVersion = 51;
	objects = {

/* Begin PBXBuildFile section */
		18188A3A2730F95400BA2FF1 /* ProfileViewController.swift in Sources */ = {isa = PBXBuildFile; fileRef = 18188A392730F95400BA2FF1 /* ProfileViewController.swift */; };
		18188A3D2730FABC00BA2FF1 /* ProfileTableViewCell.swift in Sources */ = {isa = PBXBuildFile; fileRef = 18188A3C2730FABC00BA2FF1 /* ProfileTableViewCell.swift */; };
		18332CD4273246AA0056CED7 /* StorageManager.swift in Sources */ = {isa = PBXBuildFile; fileRef = 18332CD3273246AA0056CED7 /* StorageManager.swift */; };
		1868E300272FA92600B0385E /* ConversationViewController.swift in Sources */ = {isa = PBXBuildFile; fileRef = 1868E2FF272FA92600B0385E /* ConversationViewController.swift */; };
		1868E304272FB92E00B0385E /* NV.swift in Sources */ = {isa = PBXBuildFile; fileRef = 1868E303272FB92E00B0385E /* NV.swift */; };
		1868E307272FBAE500B0385E /* DatabaseManager.swift in Sources */ = {isa = PBXBuildFile; fileRef = 1868E306272FBAE500B0385E /* DatabaseManager.swift */; };
		1868E30A272FC96300B0385E /* GoogleService-Info.plist in Resources */ = {isa = PBXBuildFile; fileRef = 1868E309272FC96300B0385E /* GoogleService-Info.plist */; };
		1868E30E272FF72400B0385E /* ActivityIndicator.swift in Sources */ = {isa = PBXBuildFile; fileRef = 1868E30D272FF72400B0385E /* ActivityIndicator.swift */; };
		187C7EBB273153D0007BE7E8 /* NewConversationViewController.swift in Sources */ = {isa = PBXBuildFile; fileRef = 187C7EBA273153D0007BE7E8 /* NewConversationViewController.swift */; };
		18D75C25273143C700E2223A /* ChatViewController.swift in Sources */ = {isa = PBXBuildFile; fileRef = 18D75C24273143C700E2223A /* ChatViewController.swift */; };
		18E1DA13272BFAFD00967498 /* AppDelegate.swift in Sources */ = {isa = PBXBuildFile; fileRef = 18E1DA12272BFAFD00967498 /* AppDelegate.swift */; };
		18E1DA15272BFAFD00967498 /* RegisterUserViewController.swift in Sources */ = {isa = PBXBuildFile; fileRef = 18E1DA14272BFAFD00967498 /* RegisterUserViewController.swift */; };
		18E1DA18272BFAFD00967498 /* Main.storyboard in Resources */ = {isa = PBXBuildFile; fileRef = 18E1DA16272BFAFD00967498 /* Main.storyboard */; };
		18E1DA1A272BFB0100967498 /* Assets.xcassets in Resources */ = {isa = PBXBuildFile; fileRef = 18E1DA19272BFB0100967498 /* Assets.xcassets */; };
		18E1DA1D272BFB0100967498 /* LaunchScreen.storyboard in Resources */ = {isa = PBXBuildFile; fileRef = 18E1DA1B272BFB0100967498 /* LaunchScreen.storyboard */; };
		18E1DA28272BFB0100967498 /* MessengerFireBaseTests.swift in Sources */ = {isa = PBXBuildFile; fileRef = 18E1DA27272BFB0100967498 /* MessengerFireBaseTests.swift */; };
		18E1DA33272BFB0100967498 /* MessengerFireBaseUITests.swift in Sources */ = {isa = PBXBuildFile; fileRef = 18E1DA32272BFB0100967498 /* MessengerFireBaseUITests.swift */; };
		18E1DA45272C05D900967498 /* LogInViewController.swift in Sources */ = {isa = PBXBuildFile; fileRef = 18E1DA44272C05D900967498 /* LogInViewController.swift */; };
		B791E9113CF82618D790C6A5 /* Pods_MessengerFireBase.framework in Frameworks */ = {isa = PBXBuildFile; fileRef = FCEA313F8B7B62494C9E05DE /* Pods_MessengerFireBase.framework */; };
/* End PBXBuildFile section */

/* Begin PBXContainerItemProxy section */
		18E1DA24272BFB0100967498 /* PBXContainerItemProxy */ = {
			isa = PBXContainerItemProxy;
			containerPortal = 18E1DA07272BFAFD00967498 /* Project object */;
			proxyType = 1;
			remoteGlobalIDString = 18E1DA0E272BFAFD00967498;
			remoteInfo = MessengerFireBase;
		};
		18E1DA2F272BFB0100967498 /* PBXContainerItemProxy */ = {
			isa = PBXContainerItemProxy;
			containerPortal = 18E1DA07272BFAFD00967498 /* Project object */;
			proxyType = 1;
			remoteGlobalIDString = 18E1DA0E272BFAFD00967498;
			remoteInfo = MessengerFireBase;
		};
/* End PBXContainerItemProxy section */

/* Begin PBXFileReference section */
		18188A392730F95400BA2FF1 /* ProfileViewController.swift */ = {isa = PBXFileReference; lastKnownFileType = sourcecode.swift; path = ProfileViewController.swift; sourceTree = "<group>"; };
		18188A3C2730FABC00BA2FF1 /* ProfileTableViewCell.swift */ = {isa = PBXFileReference; lastKnownFileType = sourcecode.swift; path = ProfileTableViewCell.swift; sourceTree = "<group>"; };
		18332CD3273246AA0056CED7 /* StorageManager.swift */ = {isa = PBXFileReference; lastKnownFileType = sourcecode.swift; path = StorageManager.swift; sourceTree = "<group>"; };
		1868E2FF272FA92600B0385E /* ConversationViewController.swift */ = {isa = PBXFileReference; lastKnownFileType = sourcecode.swift; path = ConversationViewController.swift; sourceTree = "<group>"; };
		1868E303272FB92E00B0385E /* NV.swift */ = {isa = PBXFileReference; lastKnownFileType = sourcecode.swift; path = NV.swift; sourceTree = "<group>"; };
		1868E306272FBAE500B0385E /* DatabaseManager.swift */ = {isa = PBXFileReference; lastKnownFileType = sourcecode.swift; path = DatabaseManager.swift; sourceTree = "<group>"; };
		1868E309272FC96300B0385E /* GoogleService-Info.plist */ = {isa = PBXFileReference; fileEncoding = 4; lastKnownFileType = text.plist.xml; path = "GoogleService-Info.plist"; sourceTree = "<group>"; };
		1868E30D272FF72400B0385E /* ActivityIndicator.swift */ = {isa = PBXFileReference; lastKnownFileType = sourcecode.swift; path = ActivityIndicator.swift; sourceTree = "<group>"; };
		187C7EBA273153D0007BE7E8 /* NewConversationViewController.swift */ = {isa = PBXFileReference; lastKnownFileType = sourcecode.swift; path = NewConversationViewController.swift; sourceTree = "<group>"; };
		18D75C24273143C700E2223A /* ChatViewController.swift */ = {isa = PBXFileReference; lastKnownFileType = sourcecode.swift; path = ChatViewController.swift; sourceTree = "<group>"; };
		18E1DA0F272BFAFD00967498 /* MessengerFireBase.app */ = {isa = PBXFileReference; explicitFileType = wrapper.application; includeInIndex = 0; path = MessengerFireBase.app; sourceTree = BUILT_PRODUCTS_DIR; };
		18E1DA12272BFAFD00967498 /* AppDelegate.swift */ = {isa = PBXFileReference; lastKnownFileType = sourcecode.swift; path = AppDelegate.swift; sourceTree = "<group>"; };
		18E1DA14272BFAFD00967498 /* RegisterUserViewController.swift */ = {isa = PBXFileReference; lastKnownFileType = sourcecode.swift; path = RegisterUserViewController.swift; sourceTree = "<group>"; };
		18E1DA17272BFAFD00967498 /* Base */ = {isa = PBXFileReference; lastKnownFileType = file.storyboard; name = Base; path = Base.lproj/Main.storyboard; sourceTree = "<group>"; };
		18E1DA19272BFB0100967498 /* Assets.xcassets */ = {isa = PBXFileReference; lastKnownFileType = folder.assetcatalog; path = Assets.xcassets; sourceTree = "<group>"; };
		18E1DA1C272BFB0100967498 /* Base */ = {isa = PBXFileReference; lastKnownFileType = file.storyboard; name = Base; path = Base.lproj/LaunchScreen.storyboard; sourceTree = "<group>"; };
		18E1DA1E272BFB0100967498 /* Info.plist */ = {isa = PBXFileReference; lastKnownFileType = text.plist.xml; path = Info.plist; sourceTree = "<group>"; };
		18E1DA23272BFB0100967498 /* MessengerFireBaseTests.xctest */ = {isa = PBXFileReference; explicitFileType = wrapper.cfbundle; includeInIndex = 0; path = MessengerFireBaseTests.xctest; sourceTree = BUILT_PRODUCTS_DIR; };
		18E1DA27272BFB0100967498 /* MessengerFireBaseTests.swift */ = {isa = PBXFileReference; lastKnownFileType = sourcecode.swift; path = MessengerFireBaseTests.swift; sourceTree = "<group>"; };
		18E1DA29272BFB0100967498 /* Info.plist */ = {isa = PBXFileReference; lastKnownFileType = text.plist.xml; path = Info.plist; sourceTree = "<group>"; };
		18E1DA2E272BFB0100967498 /* MessengerFireBaseUITests.xctest */ = {isa = PBXFileReference; explicitFileType = wrapper.cfbundle; includeInIndex = 0; path = MessengerFireBaseUITests.xctest; sourceTree = BUILT_PRODUCTS_DIR; };
		18E1DA32272BFB0100967498 /* MessengerFireBaseUITests.swift */ = {isa = PBXFileReference; lastKnownFileType = sourcecode.swift; path = MessengerFireBaseUITests.swift; sourceTree = "<group>"; };
		18E1DA34272BFB0100967498 /* Info.plist */ = {isa = PBXFileReference; lastKnownFileType = text.plist.xml; path = Info.plist; sourceTree = "<group>"; };
		18E1DA44272C05D900967498 /* LogInViewController.swift */ = {isa = PBXFileReference; lastKnownFileType = sourcecode.swift; path = LogInViewController.swift; sourceTree = "<group>"; };
		374E755A640280CFD2AE812D /* Pods-MessengerFireBase.debug.xcconfig */ = {isa = PBXFileReference; includeInIndex = 1; lastKnownFileType = text.xcconfig; name = "Pods-MessengerFireBase.debug.xcconfig"; path = "Target Support Files/Pods-MessengerFireBase/Pods-MessengerFireBase.debug.xcconfig"; sourceTree = "<group>"; };
		E9C6245078DECF6834A3ACAF /* Pods-MessengerFireBase.release.xcconfig */ = {isa = PBXFileReference; includeInIndex = 1; lastKnownFileType = text.xcconfig; name = "Pods-MessengerFireBase.release.xcconfig"; path = "Target Support Files/Pods-MessengerFireBase/Pods-MessengerFireBase.release.xcconfig"; sourceTree = "<group>"; };
		FCEA313F8B7B62494C9E05DE /* Pods_MessengerFireBase.framework */ = {isa = PBXFileReference; explicitFileType = wrapper.framework; includeInIndex = 0; path = Pods_MessengerFireBase.framework; sourceTree = BUILT_PRODUCTS_DIR; };
/* End PBXFileReference section */

/* Begin PBXFrameworksBuildPhase section */
		18E1DA0C272BFAFD00967498 /* Frameworks */ = {
			isa = PBXFrameworksBuildPhase;
			buildActionMask = 2147483647;
			files = (
				B791E9113CF82618D790C6A5 /* Pods_MessengerFireBase.framework in Frameworks */,
			);
			runOnlyForDeploymentPostprocessing = 0;
		};
		18E1DA20272BFB0100967498 /* Frameworks */ = {
			isa = PBXFrameworksBuildPhase;
			buildActionMask = 2147483647;
			files = (
			);
			runOnlyForDeploymentPostprocessing = 0;
		};
		18E1DA2B272BFB0100967498 /* Frameworks */ = {
			isa = PBXFrameworksBuildPhase;
			buildActionMask = 2147483647;
			files = (
			);
			runOnlyForDeploymentPostprocessing = 0;
		};
/* End PBXFrameworksBuildPhase section */

/* Begin PBXGroup section */
		18188A3B2730FA9900BA2FF1 /* Profile */ = {
			isa = PBXGroup;
			children = (
				18188A392730F95400BA2FF1 /* ProfileViewController.swift */,
				18188A3C2730FABC00BA2FF1 /* ProfileTableViewCell.swift */,
			);
			path = Profile;
			sourceTree = "<group>";
		};
		1868E301272FAF0300B0385E /* LogIN */ = {
			isa = PBXGroup;
			children = (
				18E1DA44272C05D900967498 /* LogInViewController.swift */,
				18E1DA14272BFAFD00967498 /* RegisterUserViewController.swift */,
			);
			path = LogIN;
			sourceTree = "<group>";
		};
		1868E302272FAF5600B0385E /* Controllers */ = {
			isa = PBXGroup;
			children = (
				187C7EBA273153D0007BE7E8 /* NewConversationViewController.swift */,
				18D75C24273143C700E2223A /* ChatViewController.swift */,
				1868E2FF272FA92600B0385E /* ConversationViewController.swift */,
				18188A3B2730FA9900BA2FF1 /* Profile */,
				1868E301272FAF0300B0385E /* LogIN */,
			);
			path = Controllers;
			sourceTree = "<group>";
		};
		1868E305272FBAC200B0385E /* Resources */ = {
			isa = PBXGroup;
			children = (
				1868E306272FBAE500B0385E /* DatabaseManager.swift */,
				1868E303272FB92E00B0385E /* NV.swift */,
				18E1DA12272BFAFD00967498 /* AppDelegate.swift */,
				18E1DA19272BFB0100967498 /* Assets.xcassets */,
				1868E30D272FF72400B0385E /* ActivityIndicator.swift */,
				18332CD3273246AA0056CED7 /* StorageManager.swift */,
			);
			path = Resources;
			sourceTree = "<group>";
		};
		1868E308272FBB0900B0385E /* StoryBoard */ = {
			isa = PBXGroup;
			children = (
				18E1DA16272BFAFD00967498 /* Main.storyboard */,
				18E1DA1B272BFB0100967498 /* LaunchScreen.storyboard */,
			);
			path = StoryBoard;
			sourceTree = "<group>";
		};
		18E1DA06272BFAFD00967498 = {
			isa = PBXGroup;
			children = (
				18E1DA11272BFAFD00967498 /* MessengerFireBase */,
				18E1DA26272BFB0100967498 /* MessengerFireBaseTests */,
				18E1DA31272BFB0100967498 /* MessengerFireBaseUITests */,
				18E1DA10272BFAFD00967498 /* Products */,
				4F046072EFB135A57889C336 /* Pods */,
				50DDBAF7083E0977B80CABD3 /* Frameworks */,
			);
			sourceTree = "<group>";
		};
		18E1DA10272BFAFD00967498 /* Products */ = {
			isa = PBXGroup;
			children = (
				18E1DA0F272BFAFD00967498 /* MessengerFireBase.app */,
				18E1DA23272BFB0100967498 /* MessengerFireBaseTests.xctest */,
				18E1DA2E272BFB0100967498 /* MessengerFireBaseUITests.xctest */,
			);
			name = Products;
			sourceTree = "<group>";
		};
		18E1DA11272BFAFD00967498 /* MessengerFireBase */ = {
			isa = PBXGroup;
			children = (
				1868E308272FBB0900B0385E /* StoryBoard */,
				1868E305272FBAC200B0385E /* Resources */,
				1868E302272FAF5600B0385E /* Controllers */,
				18E1DA1E272BFB0100967498 /* Info.plist */,
				1868E309272FC96300B0385E /* GoogleService-Info.plist */,
			);
			path = MessengerFireBase;
			sourceTree = "<group>";
		};
		18E1DA26272BFB0100967498 /* MessengerFireBaseTests */ = {
			isa = PBXGroup;
			children = (
				18E1DA27272BFB0100967498 /* MessengerFireBaseTests.swift */,
				18E1DA29272BFB0100967498 /* Info.plist */,
			);
			path = MessengerFireBaseTests;
			sourceTree = "<group>";
		};
		18E1DA31272BFB0100967498 /* MessengerFireBaseUITests */ = {
			isa = PBXGroup;
			children = (
				18E1DA32272BFB0100967498 /* MessengerFireBaseUITests.swift */,
				18E1DA34272BFB0100967498 /* Info.plist */,
			);
			path = MessengerFireBaseUITests;
			sourceTree = "<group>";
		};
		4F046072EFB135A57889C336 /* Pods */ = {
			isa = PBXGroup;
			children = (
				374E755A640280CFD2AE812D /* Pods-MessengerFireBase.debug.xcconfig */,
				E9C6245078DECF6834A3ACAF /* Pods-MessengerFireBase.release.xcconfig */,
			);
			path = Pods;
			sourceTree = "<group>";
		};
		50DDBAF7083E0977B80CABD3 /* Frameworks */ = {
			isa = PBXGroup;
			children = (
				FCEA313F8B7B62494C9E05DE /* Pods_MessengerFireBase.framework */,
			);
			name = Frameworks;
			sourceTree = "<group>";
		};
/* End PBXGroup section */

/* Begin PBXNativeTarget section */
		18E1DA0E272BFAFD00967498 /* MessengerFireBase */ = {
			isa = PBXNativeTarget;
			buildConfigurationList = 18E1DA37272BFB0100967498 /* Build configuration list for PBXNativeTarget "MessengerFireBase" */;
			buildPhases = (
				F2DE758BD2ACFC6C49A1EC03 /* [CP] Check Pods Manifest.lock */,
				18E1DA0B272BFAFD00967498 /* Sources */,
				18E1DA0C272BFAFD00967498 /* Frameworks */,
				18E1DA0D272BFAFD00967498 /* Resources */,
				FE96A91AA9C536583ADF7211 /* [CP] Embed Pods Frameworks */,
			);
			buildRules = (
			);
			dependencies = (
			);
			name = MessengerFireBase;
			productName = MessengerFireBase;
			productReference = 18E1DA0F272BFAFD00967498 /* MessengerFireBase.app */;
			productType = "com.apple.product-type.application";
		};
		18E1DA22272BFB0100967498 /* MessengerFireBaseTests */ = {
			isa = PBXNativeTarget;
			buildConfigurationList = 18E1DA3A272BFB0100967498 /* Build configuration list for PBXNativeTarget "MessengerFireBaseTests" */;
			buildPhases = (
				18E1DA1F272BFB0100967498 /* Sources */,
				18E1DA20272BFB0100967498 /* Frameworks */,
				18E1DA21272BFB0100967498 /* Resources */,
			);
			buildRules = (
			);
			dependencies = (
				18E1DA25272BFB0100967498 /* PBXTargetDependency */,
			);
			name = MessengerFireBaseTests;
			productName = MessengerFireBaseTests;
			productReference = 18E1DA23272BFB0100967498 /* MessengerFireBaseTests.xctest */;
			productType = "com.apple.product-type.bundle.unit-test";
		};
		18E1DA2D272BFB0100967498 /* MessengerFireBaseUITests */ = {
			isa = PBXNativeTarget;
			buildConfigurationList = 18E1DA3D272BFB0100967498 /* Build configuration list for PBXNativeTarget "MessengerFireBaseUITests" */;
			buildPhases = (
				18E1DA2A272BFB0100967498 /* Sources */,
				18E1DA2B272BFB0100967498 /* Frameworks */,
				18E1DA2C272BFB0100967498 /* Resources */,
			);
			buildRules = (
			);
			dependencies = (
				18E1DA30272BFB0100967498 /* PBXTargetDependency */,
			);
			name = MessengerFireBaseUITests;
			productName = MessengerFireBaseUITests;
			productReference = 18E1DA2E272BFB0100967498 /* MessengerFireBaseUITests.xctest */;
			productType = "com.apple.product-type.bundle.ui-testing";
		};
/* End PBXNativeTarget section */

/* Begin PBXProject section */
		18E1DA07272BFAFD00967498 /* Project object */ = {
			isa = PBXProject;
			attributes = {
				LastSwiftUpdateCheck = 1010;
				LastUpgradeCheck = 1010;
				ORGANIZATIONNAME = apple;
				TargetAttributes = {
					18E1DA0E272BFAFD00967498 = {
						CreatedOnToolsVersion = 10.1;
					};
					18E1DA22272BFB0100967498 = {
						CreatedOnToolsVersion = 10.1;
						TestTargetID = 18E1DA0E272BFAFD00967498;
					};
					18E1DA2D272BFB0100967498 = {
						CreatedOnToolsVersion = 10.1;
						TestTargetID = 18E1DA0E272BFAFD00967498;
					};
				};
			};
			buildConfigurationList = 18E1DA0A272BFAFD00967498 /* Build configuration list for PBXProject "MessengerFireBase" */;
			compatibilityVersion = "Xcode 9.3";
			developmentRegion = en;
			hasScannedForEncodings = 0;
			knownRegions = (
				en,
				Base,
			);
			mainGroup = 18E1DA06272BFAFD00967498;
			productRefGroup = 18E1DA10272BFAFD00967498 /* Products */;
			projectDirPath = "";
			projectRoot = "";
			targets = (
				18E1DA0E272BFAFD00967498 /* MessengerFireBase */,
				18E1DA22272BFB0100967498 /* MessengerFireBaseTests */,
				18E1DA2D272BFB0100967498 /* MessengerFireBaseUITests */,
			);
		};
/* End PBXProject section */

/* Begin PBXResourcesBuildPhase section */
		18E1DA0D272BFAFD00967498 /* Resources */ = {
			isa = PBXResourcesBuildPhase;
			buildActionMask = 2147483647;
			files = (
				18E1DA1D272BFB0100967498 /* LaunchScreen.storyboard in Resources */,
				1868E30A272FC96300B0385E /* GoogleService-Info.plist in Resources */,
				18E1DA1A272BFB0100967498 /* Assets.xcassets in Resources */,
				18E1DA18272BFAFD00967498 /* Main.storyboard in Resources */,
			);
			runOnlyForDeploymentPostprocessing = 0;
		};
		18E1DA21272BFB0100967498 /* Resources */ = {
			isa = PBXResourcesBuildPhase;
			buildActionMask = 2147483647;
			files = (
			);
			runOnlyForDeploymentPostprocessing = 0;
		};
		18E1DA2C272BFB0100967498 /* Resources */ = {
			isa = PBXResourcesBuildPhase;
			buildActionMask = 2147483647;
			files = (
			);
			runOnlyForDeploymentPostprocessing = 0;
		};
/* End PBXResourcesBuildPhase section */

/* Begin PBXShellScriptBuildPhase section */
		F2DE758BD2ACFC6C49A1EC03 /* [CP] Check Pods Manifest.lock */ = {
			isa = PBXShellScriptBuildPhase;
			buildActionMask = 2147483647;
			files = (
			);
			inputFileListPaths = (
			);
			inputPaths = (
				"${PODS_PODFILE_DIR_PATH}/Podfile.lock",
				"${PODS_ROOT}/Manifest.lock",
			);
			name = "[CP] Check Pods Manifest.lock";
			outputFileListPaths = (
			);
			outputPaths = (
				"$(DERIVED_FILE_DIR)/Pods-MessengerFireBase-checkManifestLockResult.txt",
			);
			runOnlyForDeploymentPostprocessing = 0;
			shellPath = /bin/sh;
			shellScript = "diff \"${PODS_PODFILE_DIR_PATH}/Podfile.lock\" \"${PODS_ROOT}/Manifest.lock\" > /dev/null\nif [ $? != 0 ] ; then\n    # print error to STDERR\n    echo \"error: The sandbox is not in sync with the Podfile.lock. Run 'pod install' or update your CocoaPods installation.\" >&2\n    exit 1\nfi\n# This output is used by Xcode 'outputs' to avoid re-running this script phase.\necho \"SUCCESS\" > \"${SCRIPT_OUTPUT_FILE_0}\"\n";
			showEnvVarsInLog = 0;
		};
		FE96A91AA9C536583ADF7211 /* [CP] Embed Pods Frameworks */ = {
			isa = PBXShellScriptBuildPhase;
			buildActionMask = 2147483647;
			files = (
			);
			inputFileListPaths = (
				"${PODS_ROOT}/Target Support Files/Pods-MessengerFireBase/Pods-MessengerFireBase-frameworks-${CONFIGURATION}-input-files.xcfilelist",
			);
			name = "[CP] Embed Pods Frameworks";
			outputFileListPaths = (
				"${PODS_ROOT}/Target Support Files/Pods-MessengerFireBase/Pods-MessengerFireBase-frameworks-${CONFIGURATION}-output-files.xcfilelist",
			);
			runOnlyForDeploymentPostprocessing = 0;
			shellPath = /bin/sh;
			shellScript = "\"${PODS_ROOT}/Target Support Files/Pods-MessengerFireBase/Pods-MessengerFireBase-frameworks.sh\"\n";
			showEnvVarsInLog = 0;
		};
/* End PBXShellScriptBuildPhase section */

/* Begin PBXSourcesBuildPhase section */
		18E1DA0B272BFAFD00967498 /* Sources */ = {
			isa = PBXSourcesBuildPhase;
			buildActionMask = 2147483647;
			files = (
				18E1DA15272BFAFD00967498 /* RegisterUserViewController.swift in Sources */,
				1868E300272FA92600B0385E /* ConversationViewController.swift in Sources */,
				1868E307272FBAE500B0385E /* DatabaseManager.swift in Sources */,
				18332CD4273246AA0056CED7 /* StorageManager.swift in Sources */,
				18188A3D2730FABC00BA2FF1 /* ProfileTableViewCell.swift in Sources */,
				18E1DA13272BFAFD00967498 /* AppDelegate.swift in Sources */,
				187C7EBB273153D0007BE7E8 /* NewConversationViewController.swift in Sources */,
				1868E30E272FF72400B0385E /* ActivityIndicator.swift in Sources */,
				1868E304272FB92E00B0385E /* NV.swift in Sources */,
				18188A3A2730F95400BA2FF1 /* ProfileViewController.swift in Sources */,
				18D75C25273143C700E2223A /* ChatViewController.swift in Sources */,
				18E1DA45272C05D900967498 /* LogInViewController.swift in Sources */,
			);
			runOnlyForDeploymentPostprocessing = 0;
		};
		18E1DA1F272BFB0100967498 /* Sources */ = {
			isa = PBXSourcesBuildPhase;
			buildActionMask = 2147483647;
			files = (
				18E1DA28272BFB0100967498 /* MessengerFireBaseTests.swift in Sources */,
			);
			runOnlyForDeploymentPostprocessing = 0;
		};
		18E1DA2A272BFB0100967498 /* Sources */ = {
			isa = PBXSourcesBuildPhase;
			buildActionMask = 2147483647;
			files = (
				18E1DA33272BFB0100967498 /* MessengerFireBaseUITests.swift in Sources */,
			);
			runOnlyForDeploymentPostprocessing = 0;
		};
/* End PBXSourcesBuildPhase section */

/* Begin PBXTargetDependency section */
		18E1DA25272BFB0100967498 /* PBXTargetDependency */ = {
			isa = PBXTargetDependency;
			target = 18E1DA0E272BFAFD00967498 /* MessengerFireBase */;
			targetProxy = 18E1DA24272BFB0100967498 /* PBXContainerItemProxy */;
		};
		18E1DA30272BFB0100967498 /* PBXTargetDependency */ = {
			isa = PBXTargetDependency;
			target = 18E1DA0E272BFAFD00967498 /* MessengerFireBase */;
			targetProxy = 18E1DA2F272BFB0100967498 /* PBXContainerItemProxy */;
		};
/* End PBXTargetDependency section */

/* Begin PBXVariantGroup section */
		18E1DA16272BFAFD00967498 /* Main.storyboard */ = {
			isa = PBXVariantGroup;
			children = (
				18E1DA17272BFAFD00967498 /* Base */,
			);
			name = Main.storyboard;
			sourceTree = "<group>";
		};
		18E1DA1B272BFB0100967498 /* LaunchScreen.storyboard */ = {
			isa = PBXVariantGroup;
			children = (
				18E1DA1C272BFB0100967498 /* Base */,
			);
			name = LaunchScreen.storyboard;
			sourceTree = "<group>";
		};
/* End PBXVariantGroup section */

/* Begin XCBuildConfiguration section */
		18E1DA35272BFB0100967498 /* Debug */ = {
			isa = XCBuildConfiguration;
			buildSettings = {
				ALWAYS_SEARCH_USER_PATHS = NO;
				CLANG_ANALYZER_NONNULL = YES;
				CLANG_ANALYZER_NUMBER_OBJECT_CONVERSION = YES_AGGRESSIVE;
				CLANG_CXX_LANGUAGE_STANDARD = "gnu++14";
				CLANG_CXX_LIBRARY = "libc++";
				CLANG_ENABLE_MODULES = YES;
				CLANG_ENABLE_OBJC_ARC = YES;
				CLANG_ENABLE_OBJC_WEAK = YES;
				CLANG_WARN_BLOCK_CAPTURE_AUTORELEASING = YES;
				CLANG_WARN_BOOL_CONVERSION = YES;
				CLANG_WARN_COMMA = YES;
				CLANG_WARN_CONSTANT_CONVERSION = YES;
				CLANG_WARN_DEPRECATED_OBJC_IMPLEMENTATIONS = YES;
				CLANG_WARN_DIRECT_OBJC_ISA_USAGE = YES_ERROR;
				CLANG_WARN_DOCUMENTATION_COMMENTS = YES;
				CLANG_WARN_EMPTY_BODY = YES;
				CLANG_WARN_ENUM_CONVERSION = YES;
				CLANG_WARN_INFINITE_RECURSION = YES;
				CLANG_WARN_INT_CONVERSION = YES;
				CLANG_WARN_NON_LITERAL_NULL_CONVERSION = YES;
				CLANG_WARN_OBJC_IMPLICIT_RETAIN_SELF = YES;
				CLANG_WARN_OBJC_LITERAL_CONVERSION = YES;
				CLANG_WARN_OBJC_ROOT_CLASS = YES_ERROR;
				CLANG_WARN_RANGE_LOOP_ANALYSIS = YES;
				CLANG_WARN_STRICT_PROTOTYPES = YES;
				CLANG_WARN_SUSPICIOUS_MOVE = YES;
				CLANG_WARN_UNGUARDED_AVAILABILITY = YES_AGGRESSIVE;
				CLANG_WARN_UNREACHABLE_CODE = YES;
				CLANG_WARN__DUPLICATE_METHOD_MATCH = YES;
				CODE_SIGN_IDENTITY = "iPhone Developer";
				COPY_PHASE_STRIP = NO;
				DEBUG_INFORMATION_FORMAT = dwarf;
				ENABLE_STRICT_OBJC_MSGSEND = YES;
				ENABLE_TESTABILITY = YES;
				GCC_C_LANGUAGE_STANDARD = gnu11;
				GCC_DYNAMIC_NO_PIC = NO;
				GCC_NO_COMMON_BLOCKS = YES;
				GCC_OPTIMIZATION_LEVEL = 0;
				GCC_PREPROCESSOR_DEFINITIONS = (
					"DEBUG=1",
					"$(inherited)",
				);
				GCC_WARN_64_TO_32_BIT_CONVERSION = YES;
				GCC_WARN_ABOUT_RETURN_TYPE = YES_ERROR;
				GCC_WARN_UNDECLARED_SELECTOR = YES;
				GCC_WARN_UNINITIALIZED_AUTOS = YES_AGGRESSIVE;
				GCC_WARN_UNUSED_FUNCTION = YES;
				GCC_WARN_UNUSED_VARIABLE = YES;
				IPHONEOS_DEPLOYMENT_TARGET = 12.1;
				MTL_ENABLE_DEBUG_INFO = INCLUDE_SOURCE;
				MTL_FAST_MATH = YES;
				ONLY_ACTIVE_ARCH = YES;
				SDKROOT = iphoneos;
				SWIFT_ACTIVE_COMPILATION_CONDITIONS = DEBUG;
				SWIFT_OPTIMIZATION_LEVEL = "-Onone";
			};
			name = Debug;
		};
		18E1DA36272BFB0100967498 /* Release */ = {
			isa = XCBuildConfiguration;
			buildSettings = {
				ALWAYS_SEARCH_USER_PATHS = NO;
				CLANG_ANALYZER_NONNULL = YES;
				CLANG_ANALYZER_NUMBER_OBJECT_CONVERSION = YES_AGGRESSIVE;
				CLANG_CXX_LANGUAGE_STANDARD = "gnu++14";
				CLANG_CXX_LIBRARY = "libc++";
				CLANG_ENABLE_MODULES = YES;
				CLANG_ENABLE_OBJC_ARC = YES;
				CLANG_ENABLE_OBJC_WEAK = YES;
				CLANG_WARN_BLOCK_CAPTURE_AUTORELEASING = YES;
				CLANG_WARN_BOOL_CONVERSION = YES;
				CLANG_WARN_COMMA = YES;
				CLANG_WARN_CONSTANT_CONVERSION = YES;
				CLANG_WARN_DEPRECATED_OBJC_IMPLEMENTATIONS = YES;
				CLANG_WARN_DIRECT_OBJC_ISA_USAGE = YES_ERROR;
				CLANG_WARN_DOCUMENTATION_COMMENTS = YES;
				CLANG_WARN_EMPTY_BODY = YES;
				CLANG_WARN_ENUM_CONVERSION = YES;
				CLANG_WARN_INFINITE_RECURSION = YES;
				CLANG_WARN_INT_CONVERSION = YES;
				CLANG_WARN_NON_LITERAL_NULL_CONVERSION = YES;
				CLANG_WARN_OBJC_IMPLICIT_RETAIN_SELF = YES;
				CLANG_WARN_OBJC_LITERAL_CONVERSION = YES;
				CLANG_WARN_OBJC_ROOT_CLASS = YES_ERROR;
				CLANG_WARN_RANGE_LOOP_ANALYSIS = YES;
				CLANG_WARN_STRICT_PROTOTYPES = YES;
				CLANG_WARN_SUSPICIOUS_MOVE = YES;
				CLANG_WARN_UNGUARDED_AVAILABILITY = YES_AGGRESSIVE;
				CLANG_WARN_UNREACHABLE_CODE = YES;
				CLANG_WARN__DUPLICATE_METHOD_MATCH = YES;
				CODE_SIGN_IDENTITY = "iPhone Developer";
				COPY_PHASE_STRIP = NO;
				DEBUG_INFORMATION_FORMAT = "dwarf-with-dsym";
				ENABLE_NS_ASSERTIONS = NO;
				ENABLE_STRICT_OBJC_MSGSEND = YES;
				GCC_C_LANGUAGE_STANDARD = gnu11;
				GCC_NO_COMMON_BLOCKS = YES;
				GCC_WARN_64_TO_32_BIT_CONVERSION = YES;
				GCC_WARN_ABOUT_RETURN_TYPE = YES_ERROR;
				GCC_WARN_UNDECLARED_SELECTOR = YES;
				GCC_WARN_UNINITIALIZED_AUTOS = YES_AGGRESSIVE;
				GCC_WARN_UNUSED_FUNCTION = YES;
				GCC_WARN_UNUSED_VARIABLE = YES;
				IPHONEOS_DEPLOYMENT_TARGET = 12.1;
				MTL_ENABLE_DEBUG_INFO = NO;
				MTL_FAST_MATH = YES;
				SDKROOT = iphoneos;
				SWIFT_COMPILATION_MODE = wholemodule;
				SWIFT_OPTIMIZATION_LEVEL = "-O";
				VALIDATE_PRODUCT = YES;
			};
			name = Release;
		};
		18E1DA38272BFB0100967498 /* Debug */ = {
			isa = XCBuildConfiguration;
			baseConfigurationReference = 374E755A640280CFD2AE812D /* Pods-MessengerFireBase.debug.xcconfig */;
			buildSettings = {
				ASSETCATALOG_COMPILER_APPICON_NAME = AppIcon;
				CODE_SIGN_STYLE = Automatic;
				INFOPLIST_FILE = MessengerFireBase/Info.plist;
				LD_RUNPATH_SEARCH_PATHS = (
					"$(inherited)",
					"@executable_path/Frameworks",
				);
				PRODUCT_BUNDLE_IDENTIFIER = raja.MessengerFireBase;
				PRODUCT_NAME = "$(TARGET_NAME)";
				SWIFT_VERSION = 4.2;
				TARGETED_DEVICE_FAMILY = "1,2";
			};
			name = Debug;
		};
		18E1DA39272BFB0100967498 /* Release */ = {
			isa = XCBuildConfiguration;
			baseConfigurationReference = E9C6245078DECF6834A3ACAF /* Pods-MessengerFireBase.release.xcconfig */;
			buildSettings = {
				ASSETCATALOG_COMPILER_APPICON_NAME = AppIcon;
				CODE_SIGN_STYLE = Automatic;
				INFOPLIST_FILE = MessengerFireBase/Info.plist;
				LD_RUNPATH_SEARCH_PATHS = (
					"$(inherited)",
					"@executable_path/Frameworks",
				);
				PRODUCT_BUNDLE_IDENTIFIER = raja.MessengerFireBase;
				PRODUCT_NAME = "$(TARGET_NAME)";
				SWIFT_VERSION = 4.2;
				TARGETED_DEVICE_FAMILY = "1,2";
			};
			name = Release;
		};
		18E1DA3B272BFB0100967498 /* Debug */ = {
			isa = XCBuildConfiguration;
			buildSettings = {
				ALWAYS_EMBED_SWIFT_STANDARD_LIBRARIES = YES;
				BUNDLE_LOADER = "$(TEST_HOST)";
				CODE_SIGN_STYLE = Automatic;
				INFOPLIST_FILE = MessengerFireBaseTests/Info.plist;
				LD_RUNPATH_SEARCH_PATHS = (
					"$(inherited)",
					"@executable_path/Frameworks",
					"@loader_path/Frameworks",
				);
				PRODUCT_BUNDLE_IDENTIFIER = raja.MessengerFireBaseTests;
				PRODUCT_NAME = "$(TARGET_NAME)";
				SWIFT_VERSION = 4.2;
				TARGETED_DEVICE_FAMILY = "1,2";
				TEST_HOST = "$(BUILT_PRODUCTS_DIR)/MessengerFireBase.app/MessengerFireBase";
			};
			name = Debug;
		};
		18E1DA3C272BFB0100967498 /* Release */ = {
			isa = XCBuildConfiguration;
			buildSettings = {
				ALWAYS_EMBED_SWIFT_STANDARD_LIBRARIES = YES;
				BUNDLE_LOADER = "$(TEST_HOST)";
				CODE_SIGN_STYLE = Automatic;
				INFOPLIST_FILE = MessengerFireBaseTests/Info.plist;
				LD_RUNPATH_SEARCH_PATHS = (
					"$(inherited)",
					"@executable_path/Frameworks",
					"@loader_path/Frameworks",
				);
				PRODUCT_BUNDLE_IDENTIFIER = raja.MessengerFireBaseTests;
				PRODUCT_NAME = "$(TARGET_NAME)";
				SWIFT_VERSION = 4.2;
				TARGETED_DEVICE_FAMILY = "1,2";
				TEST_HOST = "$(BUILT_PRODUCTS_DIR)/MessengerFireBase.app/MessengerFireBase";
			};
			name = Release;
		};
		18E1DA3E272BFB0100967498 /* Debug */ = {
			isa = XCBuildConfiguration;
			buildSettings = {
				ALWAYS_EMBED_SWIFT_STANDARD_LIBRARIES = YES;
				CODE_SIGN_STYLE = Automatic;
				INFOPLIST_FILE = MessengerFireBaseUITests/Info.plist;
				LD_RUNPATH_SEARCH_PATHS = (
					"$(inherited)",
					"@executable_path/Frameworks",
					"@loader_path/Frameworks",
				);
				PRODUCT_BUNDLE_IDENTIFIER = raja.MessengerFireBaseUITests;
				PRODUCT_NAME = "$(TARGET_NAME)";
				SWIFT_VERSION = 4.2;
				TARGETED_DEVICE_FAMILY = "1,2";
				TEST_TARGET_NAME = MessengerFireBase;
			};
			name = Debug;
		};
		18E1DA3F272BFB0100967498 /* Release */ = {
			isa = XCBuildConfiguration;
			buildSettings = {
				ALWAYS_EMBED_SWIFT_STANDARD_LIBRARIES = YES;
				CODE_SIGN_STYLE = Automatic;
				INFOPLIST_FILE = MessengerFireBaseUITests/Info.plist;
				LD_RUNPATH_SEARCH_PATHS = (
					"$(inherited)",
					"@executable_path/Frameworks",
					"@loader_path/Frameworks",
				);
				PRODUCT_BUNDLE_IDENTIFIER = raja.MessengerFireBaseUITests;
				PRODUCT_NAME = "$(TARGET_NAME)";
				SWIFT_VERSION = 4.2;
				TARGETED_DEVICE_FAMILY = "1,2";
				TEST_TARGET_NAME = MessengerFireBase;
			};
			name = Release;
		};
/* End XCBuildConfiguration section */

/* Begin XCConfigurationList section */
		18E1DA0A272BFAFD00967498 /* Build configuration list for PBXProject "MessengerFireBase" */ = {
			isa = XCConfigurationList;
			buildConfigurations = (
				18E1DA35272BFB0100967498 /* Debug */,
				18E1DA36272BFB0100967498 /* Release */,
			);
			defaultConfigurationIsVisible = 0;
			defaultConfigurationName = Release;
		};
		18E1DA37272BFB0100967498 /* Build configuration list for PBXNativeTarget "MessengerFireBase" */ = {
			isa = XCConfigurationList;
			buildConfigurations = (
				18E1DA38272BFB0100967498 /* Debug */,
				18E1DA39272BFB0100967498 /* Release */,
			);
			defaultConfigurationIsVisible = 0;
			defaultConfigurationName = Release;
		};
		18E1DA3A272BFB0100967498 /* Build configuration list for PBXNativeTarget "MessengerFireBaseTests" */ = {
			isa = XCConfigurationList;
			buildConfigurations = (
				18E1DA3B272BFB0100967498 /* Debug */,
				18E1DA3C272BFB0100967498 /* Release */,
			);
			defaultConfigurationIsVisible = 0;
			defaultConfigurationName = Release;
		};
		18E1DA3D272BFB0100967498 /* Build configuration list for PBXNativeTarget "MessengerFireBaseUITests" */ = {
			isa = XCConfigurationList;
			buildConfigurations = (
				18E1DA3E272BFB0100967498 /* Debug */,
				18E1DA3F272BFB0100967498 /* Release */,
			);
			defaultConfigurationIsVisible = 0;
			defaultConfigurationName = Release;
		};
/* End XCConfigurationList section */
	};
	rootObject = 18E1DA07272BFAFD00967498 /* Project object */;
}
